
Microsoft Visual Studio Solution File, Format Version 12.00
# Visual Studio Version 16
VisualStudioVersion = 16.0.31019.35
MinimumVisualStudioVersion = 10.0.40219.1
Project("{FAE04EC0-301F-11D3-BF4B-00C04F79EFBC}") = "Dependency_Injection", "Dependency_Injection.csproj", "{36A483B3-BC45-4108-9937-E8297895C2EA}"
EndProject
Global
	GlobalSection(SolutionConfigurationPlatforms) = preSolution
		Debug|Any CPU = Debug|Any CPU
		Release|Any CPU = Release|Any CPU
	EndGlobalSection
	GlobalSection(ProjectConfigurationPlatforms) = postSolution
		{36A483B3-BC45-4108-9937-E8297895C2EA}.Debug|Any CPU.ActiveCfg = Debug|Any CPU
		{36A483B3-BC45-4108-9937-E8297895C2EA}.Debug|Any CPU.Build.0 = Debug|Any CPU
		{36A483B3-BC45-4108-9937-E8297895C2EA}.Release|Any CPU.ActiveCfg = Release|Any CPU
		{36A483B3-BC45-4108-9937-E8297895C2EA}.Release|Any CPU.Build.0 = Release|Any CPU
	EndGlobalSection
	GlobalSection(SolutionProperties) = preSolution
		HideSolutionNode = FALSE
	EndGlobalSection
	GlobalSection(ExtensibilityGlobals) = postSolution
		SolutionGuid = {F8F2B395-A249-4C22-9A51-0D79FECC1A26}
	EndGlobalSection
EndGlobal
